
Microsoft Visual Studio Solution File, Format Version 12.00
# Visual Studio Version 16
VisualStudioVersion = 16.0.30204.135
MinimumVisualStudioVersion = 10.0.40219.1
Project("{9A19103F-16F7-4668-BE54-9A1E7A4F7556}") = "TrelloClone", "TrelloClone\TrelloClone.csproj", "{E0B986B1-2EFA-4DB1-9C22-8DF42FD7E838}"
EndProject
Global
	GlobalSection(SolutionConfigurationPlatforms) = preSolution
		Debug|Any CPU = Debug|Any CPU
		Release|Any CPU = Release|Any CPU
	EndGlobalSection
	GlobalSection(ProjectConfigurationPlatforms) = postSolution
		{E0B986B1-2EFA-4DB1-9C22-8DF42FD7E838}.Debug|Any CPU.ActiveCfg = Debug|Any CPU
		{E0B986B1-2EFA-4DB1-9C22-8DF42FD7E838}.Debug|Any CPU.Build.0 = Debug|Any CPU
		{E0B986B1-2EFA-4DB1-9C22-8DF42FD7E838}.Release|Any CPU.ActiveCfg = Release|Any CPU
		{E0B986B1-2EFA-4DB1-9C22-8DF42FD7E838}.Release|Any CPU.Build.0 = Release|Any CPU
		{69D6476C-0DE8-4A70-9C3D-EEABAE94EC9B}.Debug|Any CPU.ActiveCfg = Debug|Any CPU
		{69D6476C-0DE8-4A70-9C3D-EEABAE94EC9B}.Debug|Any CPU.Build.0 = Debug|Any CPU
		{69D6476C-0DE8-4A70-9C3D-EEABAE94EC9B}.Release|Any CPU.ActiveCfg = Release|Any CPU
		{69D6476C-0DE8-4A70-9C3D-EEABAE94EC9B}.Release|Any CPU.Build.0 = Release|Any CPU
		{9683B707-8284-432F-AB47-88EF3AA0335B}.Debug|Any CPU.ActiveCfg = Debug|Any CPU
		{9683B707-8284-432F-AB47-88EF3AA0335B}.Debug|Any CPU.Build.0 = Debug|Any CPU
		{9683B707-8284-432F-AB47-88EF3AA0335B}.Release|Any CPU.ActiveCfg = Release|Any CPU
		{9683B707-8284-432F-AB47-88EF3AA0335B}.Release|Any CPU.Build.0 = Release|Any CPU
	EndGlobalSection
	GlobalSection(SolutionProperties) = preSolution
		HideSolutionNode = FALSE
	EndGlobalSection
	GlobalSection(ExtensibilityGlobals) = postSolution
		SolutionGuid = {915162AA-E4DB-4858-AA8D-095FCCE040E2}
	EndGlobalSection
EndGlobal
